
Microsoft Visual Studio Solution File, Format Version 12.00
# Visual Studio Version 16
VisualStudioVersion = 16.0.29709.97
MinimumVisualStudioVersion = 10.0.40219.1
Project("{9A19103F-16F7-4668-BE54-9A1E7A4F7556}") = "VMAssembler", "VMAssembler\VMAssembler.csproj", "{BC50C342-E5A7-49F1-8B50-550F847A0FEA}"
EndProject
Project("{FAE04EC0-301F-11D3-BF4B-00C04F79EFBC}") = "Emulator", "Emulator\Emulator.csproj", "{F63AD7B8-EA22-4DFF-A26D-3B16323B78DD}"
EndProject
Project("{FAE04EC0-301F-11D3-BF4B-00C04F79EFBC}") = "Disassembler", "Disassembler\Disassembler.csproj", "{CBCBA300-07DB-483B-BAEE-077D87FAD175}"
EndProject
Global
	GlobalSection(SolutionConfigurationPlatforms) = preSolution
		Debug|Any CPU = Debug|Any CPU
		Release|Any CPU = Release|Any CPU
	EndGlobalSection
	GlobalSection(ProjectConfigurationPlatforms) = postSolution
		{BC50C342-E5A7-49F1-8B50-550F847A0FEA}.Debug|Any CPU.ActiveCfg = Debug|Any CPU
		{BC50C342-E5A7-49F1-8B50-550F847A0FEA}.Debug|Any CPU.Build.0 = Debug|Any CPU
		{BC50C342-E5A7-49F1-8B50-550F847A0FEA}.Release|Any CPU.ActiveCfg = Release|Any CPU
		{BC50C342-E5A7-49F1-8B50-550F847A0FEA}.Release|Any CPU.Build.0 = Release|Any CPU
		{F63AD7B8-EA22-4DFF-A26D-3B16323B78DD}.Debug|Any CPU.ActiveCfg = Debug|Any CPU
		{F63AD7B8-EA22-4DFF-A26D-3B16323B78DD}.Debug|Any CPU.Build.0 = Debug|Any CPU
		{F63AD7B8-EA22-4DFF-A26D-3B16323B78DD}.Release|Any CPU.ActiveCfg = Release|Any CPU
		{F63AD7B8-EA22-4DFF-A26D-3B16323B78DD}.Release|Any CPU.Build.0 = Release|Any CPU
		{CBCBA300-07DB-483B-BAEE-077D87FAD175}.Debug|Any CPU.ActiveCfg = Debug|Any CPU
		{CBCBA300-07DB-483B-BAEE-077D87FAD175}.Debug|Any CPU.Build.0 = Debug|Any CPU
		{CBCBA300-07DB-483B-BAEE-077D87FAD175}.Release|Any CPU.ActiveCfg = Release|Any CPU
		{CBCBA300-07DB-483B-BAEE-077D87FAD175}.Release|Any CPU.Build.0 = Release|Any CPU
	EndGlobalSection
	GlobalSection(SolutionProperties) = preSolution
		HideSolutionNode = FALSE
	EndGlobalSection
	GlobalSection(ExtensibilityGlobals) = postSolution
		SolutionGuid = {39CF01A1-1601-4198-A43D-1CF6C1FAFB68}
	EndGlobalSection
EndGlobal
